
Microsoft Visual Studio Solution File, Format Version 12.00
# Visual Studio 2013
VisualStudioVersion = 12.0.30723.0
MinimumVisualStudioVersion = 10.0.40219.1
Project("{8BC9CEB8-8B4A-11D0-8D11-00A0C91BC942}") = "BDADll", "..\BDADll\BDADll.vcxproj", "{0130013F-DC88-44C6-AE22-FC979668AF19}"
EndProject
Project("{8BC9CEB8-8B4A-11D0-8D11-00A0C91BC942}") = "FireDll", "..\FireDll\FireDll.vcxproj", "{49CE4BCC-B359-42FA-86F7-1CEDA41E28B0}"
EndProject
Project("{8BC9CEB8-8B4A-11D0-8D11-00A0C91BC942}") = "FuelDll", "..\FuelDll\FuelDll.vcxproj", "{44C5C19D-921D-48A3-B4FF-AE1EC54AC62F}"
EndProject
Project("{8BC9CEB8-8B4A-11D0-8D11-00A0C91BC942}") = "HarvestDll", "..\Harvestdll\HarvestDll.vcxproj", "{06A6B13A-C36E-4D90-BB07-E36EE70F8865}"
EndProject
Project("{8BC9CEB8-8B4A-11D0-8D11-00A0C91BC942}") = "Landis40App", "..\Landis40App\Landis40App.vcxproj", "{8D089B87-2999-462B-86EB-A994CCE87886}"
EndProject
Project("{8BC9CEB8-8B4A-11D0-8D11-00A0C91BC942}") = "Landis40Core", "Landis40Core.vcxproj", "{E00EB8F0-8911-49FB-B93B-7FC1FBA320F1}"
EndProject
Project("{8BC9CEB8-8B4A-11D0-8D11-00A0C91BC942}") = "SUCCESSION", "..\SUCCESSION\SUCCESSION.vcxproj", "{A3CEA2B3-1429-4CFC-A122-FBEBB85DD467}"
EndProject
Project("{8BC9CEB8-8B4A-11D0-8D11-00A0C91BC942}") = "WindDll", "..\WindDll\WindDll.vcxproj", "{DA44CEE2-AE87-4763-83B3-31DC2A5D5426}"
EndProject
Global
	GlobalSection(SolutionConfigurationPlatforms) = preSolution
		Debug|Win32 = Debug|Win32
		Debug|x64 = Debug|x64
		Release|Win32 = Release|Win32
		Release|x64 = Release|x64
	EndGlobalSection
	GlobalSection(ProjectConfigurationPlatforms) = postSolution
		{0130013F-DC88-44C6-AE22-FC979668AF19}.Debug|Win32.ActiveCfg = Debug|Win32
		{0130013F-DC88-44C6-AE22-FC979668AF19}.Debug|Win32.Build.0 = Debug|Win32
		{0130013F-DC88-44C6-AE22-FC979668AF19}.Debug|x64.ActiveCfg = Debug|x64
		{0130013F-DC88-44C6-AE22-FC979668AF19}.Debug|x64.Build.0 = Debug|x64
		{0130013F-DC88-44C6-AE22-FC979668AF19}.Release|Win32.ActiveCfg = Release|Win32
		{0130013F-DC88-44C6-AE22-FC979668AF19}.Release|Win32.Build.0 = Release|Win32
		{0130013F-DC88-44C6-AE22-FC979668AF19}.Release|x64.ActiveCfg = Release|x64
		{0130013F-DC88-44C6-AE22-FC979668AF19}.Release|x64.Build.0 = Release|x64
		{49CE4BCC-B359-42FA-86F7-1CEDA41E28B0}.Debug|Win32.ActiveCfg = Debug|Win32
		{49CE4BCC-B359-42FA-86F7-1CEDA41E28B0}.Debug|Win32.Build.0 = Debug|Win32
		{49CE4BCC-B359-42FA-86F7-1CEDA41E28B0}.Debug|x64.ActiveCfg = Debug|x64
		{49CE4BCC-B359-42FA-86F7-1CEDA41E28B0}.Debug|x64.Build.0 = Debug|x64
		{49CE4BCC-B359-42FA-86F7-1CEDA41E28B0}.Release|Win32.ActiveCfg = Release|Win32
		{49CE4BCC-B359-42FA-86F7-1CEDA41E28B0}.Release|Win32.Build.0 = Release|Win32
		{49CE4BCC-B359-42FA-86F7-1CEDA41E28B0}.Release|x64.ActiveCfg = Release|x64
		{49CE4BCC-B359-42FA-86F7-1CEDA41E28B0}.Release|x64.Build.0 = Release|x64
		{44C5C19D-921D-48A3-B4FF-AE1EC54AC62F}.Debug|Win32.ActiveCfg = Debug|Win32
		{44C5C19D-921D-48A3-B4FF-AE1EC54AC62F}.Debug|Win32.Build.0 = Debug|Win32
		{44C5C19D-921D-48A3-B4FF-AE1EC54AC62F}.Debug|x64.ActiveCfg = Debug|x64
		{44C5C19D-921D-48A3-B4FF-AE1EC54AC62F}.Debug|x64.Build.0 = Debug|x64
		{44C5C19D-921D-48A3-B4FF-AE1EC54AC62F}.Release|Win32.ActiveCfg = Release|Win32
		{44C5C19D-921D-48A3-B4FF-AE1EC54AC62F}.Release|Win32.Build.0 = Release|Win32
		{44C5C19D-921D-48A3-B4FF-AE1EC54AC62F}.Release|x64.ActiveCfg = Release|x64
		{44C5C19D-921D-48A3-B4FF-AE1EC54AC62F}.Release|x64.Build.0 = Release|x64
		{06A6B13A-C36E-4D90-BB07-E36EE70F8865}.Debug|Win32.ActiveCfg = Debug|Win32
		{06A6B13A-C36E-4D90-BB07-E36EE70F8865}.Debug|Win32.Build.0 = Debug|Win32
		{06A6B13A-C36E-4D90-BB07-E36EE70F8865}.Debug|x64.ActiveCfg = Debug|x64
		{06A6B13A-C36E-4D90-BB07-E36EE70F8865}.Debug|x64.Build.0 = Debug|x64
		{06A6B13A-C36E-4D90-BB07-E36EE70F8865}.Release|Win32.ActiveCfg = Release|Win32
		{06A6B13A-C36E-4D90-BB07-E36EE70F8865}.Release|Win32.Build.0 = Release|Win32
		{06A6B13A-C36E-4D90-BB07-E36EE70F8865}.Release|x64.ActiveCfg = Release|x64
		{06A6B13A-C36E-4D90-BB07-E36EE70F8865}.Release|x64.Build.0 = Release|x64
		{8D089B87-2999-462B-86EB-A994CCE87886}.Debug|Win32.ActiveCfg = Debug|Win32
		{8D089B87-2999-462B-86EB-A994CCE87886}.Debug|Win32.Build.0 = Debug|Win32
		{8D089B87-2999-462B-86EB-A994CCE87886}.Debug|x64.ActiveCfg = Debug|x64
		{8D089B87-2999-462B-86EB-A994CCE87886}.Debug|x64.Build.0 = Debug|x64
		{8D089B87-2999-462B-86EB-A994CCE87886}.Release|Win32.ActiveCfg = Release|Win32
		{8D089B87-2999-462B-86EB-A994CCE87886}.Release|Win32.Build.0 = Release|Win32
		{8D089B87-2999-462B-86EB-A994CCE87886}.Release|x64.ActiveCfg = Release|x64
		{8D089B87-2999-462B-86EB-A994CCE87886}.Release|x64.Build.0 = Release|x64
		{E00EB8F0-8911-49FB-B93B-7FC1FBA320F1}.Debug|Win32.ActiveCfg = Debug|Win32
		{E00EB8F0-8911-49FB-B93B-7FC1FBA320F1}.Debug|Win32.Build.0 = Debug|Win32
		{E00EB8F0-8911-49FB-B93B-7FC1FBA320F1}.Debug|x64.ActiveCfg = Debug|x64
		{E00EB8F0-8911-49FB-B93B-7FC1FBA320F1}.Debug|x64.Build.0 = Debug|x64
		{E00EB8F0-8911-49FB-B93B-7FC1FBA320F1}.Release|Win32.ActiveCfg = Release|Win32
		{E00EB8F0-8911-49FB-B93B-7FC1FBA320F1}.Release|Win32.Build.0 = Release|Win32
		{E00EB8F0-8911-49FB-B93B-7FC1FBA320F1}.Release|x64.ActiveCfg = Release|x64
		{E00EB8F0-8911-49FB-B93B-7FC1FBA320F1}.Release|x64.Build.0 = Release|x64
		{A3CEA2B3-1429-4CFC-A122-FBEBB85DD467}.Debug|Win32.ActiveCfg = Debug|Win32
		{A3CEA2B3-1429-4CFC-A122-FBEBB85DD467}.Debug|Win32.Build.0 = Debug|Win32
		{A3CEA2B3-1429-4CFC-A122-FBEBB85DD467}.Debug|x64.ActiveCfg = Debug|x64
		{A3CEA2B3-1429-4CFC-A122-FBEBB85DD467}.Debug|x64.Build.0 = Debug|x64
		{A3CEA2B3-1429-4CFC-A122-FBEBB85DD467}.Release|Win32.ActiveCfg = Release|Win32
		{A3CEA2B3-1429-4CFC-A122-FBEBB85DD467}.Release|Win32.Build.0 = Release|Win32
		{A3CEA2B3-1429-4CFC-A122-FBEBB85DD467}.Release|x64.ActiveCfg = Release|x64
		{A3CEA2B3-1429-4CFC-A122-FBEBB85DD467}.Release|x64.Build.0 = Release|x64
		{DA44CEE2-AE87-4763-83B3-31DC2A5D5426}.Debug|Win32.ActiveCfg = Debug|Win32
		{DA44CEE2-AE87-4763-83B3-31DC2A5D5426}.Debug|Win32.Build.0 = Debug|Win32
		{DA44CEE2-AE87-4763-83B3-31DC2A5D5426}.Debug|x64.ActiveCfg = Debug|x64
		{DA44CEE2-AE87-4763-83B3-31DC2A5D5426}.Debug|x64.Build.0 = Debug|x64
		{DA44CEE2-AE87-4763-83B3-31DC2A5D5426}.Release|Win32.ActiveCfg = Release|Win32
		{DA44CEE2-AE87-4763-83B3-31DC2A5D5426}.Release|Win32.Build.0 = Release|Win32
		{DA44CEE2-AE87-4763-83B3-31DC2A5D5426}.Release|x64.ActiveCfg = Release|x64
		{DA44CEE2-AE87-4763-83B3-31DC2A5D5426}.Release|x64.Build.0 = Release|x64
	EndGlobalSection
	GlobalSection(SolutionProperties) = preSolution
		HideSolutionNode = FALSE
	EndGlobalSection
EndGlobal
