<?xml version="1.0" encoding="utf-8"?>
<Project ToolsVersion="4.0" xmlns="http://schemas.microsoft.com/developer/msbuild/2003">
  <ItemGroup>
    <Filter Include="Source Files">
      <UniqueIdentifier>{b89d7c82-1dc3-482d-a8f2-e6cd2d0879ba}</UniqueIdentifier>
      <Extensions>cpp;c;cxx;rc;def;r;odl;idl;hpj;bat</Extensions>
    </Filter>
    <Filter Include="Header Files">
      <UniqueIdentifier>{422b3cd4-16e4-4e59-9f10-adeb0d0903ae}</UniqueIdentifier>
      <Extensions>h;hpp;hxx;hm;inl</Extensions>
    </Filter>
    <Filter Include="Resource Files">
      <UniqueIdentifier>{ebc79cca-f353-42d1-b8c4-65c560a708f7}</UniqueIdentifier>
      <Extensions>ico;cur;bmp;dlg;rc2;rct;bin;rgs;gif;jpg;jpeg;jpe</Extensions>
    </Filter>
  </ItemGroup>
  <ItemGroup>
    <ClCompile Include="source\AGELIST.CPP">
      <Filter>Source Files</Filter>
    </ClCompile>
    <ClCompile Include="source\ERROR.CPP">
      <Filter>Source Files</Filter>
    </ClCompile>
    <ClCompile Include="source\LANDU.CPP">
      <Filter>Source Files</Filter>
    </ClCompile>
    <ClCompile Include="source\LANDUS.CPP">
      <Filter>Source Files</Filter>
    </ClCompile>
    <ClCompile Include="source\Map8.cpp">
      <Filter>Source Files</Filter>
    </ClCompile>
    <ClCompile Include="source\SITE.CPP">
      <Filter>Source Files</Filter>
    </ClCompile>
    <ClCompile Include="source\SITES.CPP">
      <Filter>Source Files</Filter>
    </ClCompile>
    <ClCompile Include="source\SPECATT.CPP">
      <Filter>Source Files</Filter>
    </ClCompile>
    <ClCompile Include="source\SPECATTS.CPP">
      <Filter>Source Files</Filter>
    </ClCompile>
    <ClCompile Include="source\SPECIE.CPP">
      <Filter>Source Files</Filter>
    </ClCompile>
    <ClCompile Include="source\SPECIES.CPP">
      <Filter>Source Files</Filter>
    </ClCompile>
    <ClCompile Include="source\SYSTEM1.CPP">
      <Filter>Source Files</Filter>
    </ClCompile>
  </ItemGroup>
  <ItemGroup>
    <ClInclude Include="..\public\AGELIST.H">
      <Filter>Header Files</Filter>
    </ClInclude>
    <ClInclude Include="..\public\LANDU.H">
      <Filter>Header Files</Filter>
    </ClInclude>
    <ClInclude Include="..\public\LANDUS.H">
      <Filter>Header Files</Filter>
    </ClInclude>
    <ClInclude Include="..\public\List.h">
      <Filter>Header Files</Filter>
    </ClInclude>
    <ClInclude Include="..\public\MAP8.H">
      <Filter>Header Files</Filter>
    </ClInclude>
    <ClInclude Include="..\public\Point.h">
      <Filter>Header Files</Filter>
    </ClInclude>
    <ClInclude Include="..\public\SITE.H">
      <Filter>Header Files</Filter>
    </ClInclude>
    <ClInclude Include="..\public\SITES.H">
      <Filter>Header Files</Filter>
    </ClInclude>
    <ClInclude Include="..\public\SPECATT.H">
      <Filter>Header Files</Filter>
    </ClInclude>
    <ClInclude Include="..\public\SPECATTS.H">
      <Filter>Header Files</Filter>
    </ClInclude>
    <ClInclude Include="..\public\SPECIE.H">
      <Filter>Header Files</Filter>
    </ClInclude>
    <ClInclude Include="..\public\SPECIES.H">
      <Filter>Header Files</Filter>
    </ClInclude>
    <ClInclude Include="..\public\SYSTEM1.H">
      <Filter>Header Files</Filter>
    </ClInclude>
  </ItemGroup>
  <ItemGroup>
    <None Include="ClassDiagram1.cd" />
  </ItemGroup>
</Project>