<?xml version="1.0" encoding="utf-8"?>
<Project ToolsVersion="4.0" xmlns="http://schemas.microsoft.com/developer/msbuild/2003">
  <ItemGroup>
    <Filter Include="Source Files">
      <UniqueIdentifier>{24b764f9-fbf9-4cf3-b39e-0d6b26df6ac8}</UniqueIdentifier>
      <Extensions>cpp;c;cxx;rc;def;r;odl;idl;hpj;bat</Extensions>
    </Filter>
    <Filter Include="Header Files">
      <UniqueIdentifier>{475c211b-8d41-476c-995a-7678aa442e09}</UniqueIdentifier>
      <Extensions>h;hpp;hxx;hm;inl</Extensions>
    </Filter>
    <Filter Include="Resource Files">
      <UniqueIdentifier>{70f6c764-f141-403e-8640-4a6d7e59f392}</UniqueIdentifier>
      <Extensions>ico;cur;bmp;dlg;rc2;rct;bin;rgs;gif;jpg;jpeg;jpe</Extensions>
    </Filter>
  </ItemGroup>
  <ItemGroup>
    <ClCompile Include="source\BoundedPocketStandHarvester.cpp">
      <Filter>Source Files</Filter>
    </ClCompile>
    <ClCompile Include="source\CohortRemovalMask.cpp">
      <Filter>Source Files</Filter>
    </ClCompile>
    <ClCompile Include="source\EconomicImportanceRank.cpp">
      <Filter>Source Files</Filter>
    </ClCompile>
    <ClCompile Include="source\FillingStandHarvester.cpp">
      <Filter>Source Files</Filter>
    </ClCompile>
    <ClCompile Include="source\GlobalFunctions.cpp">
      <Filter>Source Files</Filter>
    </ClCompile>
    <ClCompile Include="source\GroupSelectionRegime.cpp">
      <Filter>Source Files</Filter>
    </ClCompile>
    <ClCompile Include="source\GroupSelectionRegime70.cpp">
      <Filter>Source Files</Filter>
    </ClCompile>
    <ClCompile Include="source\HarvestEvent.cpp">
      <Filter>Source Files</Filter>
    </ClCompile>
    <ClCompile Include="source\HarvestEventQueue.cpp">
      <Filter>Source Files</Filter>
    </ClCompile>
    <ClCompile Include="source\HarvestPath.cpp">
      <Filter>Source Files</Filter>
    </ClCompile>
    <ClCompile Include="source\HarvestPathIterator.cpp">
      <Filter>Source Files</Filter>
    </ClCompile>
    <ClCompile Include="source\HarvestRegime.cpp">
      <Filter>Source Files</Filter>
    </ClCompile>
    <ClCompile Include="source\HarvestReport.cpp">
      <Filter>Source Files</Filter>
    </ClCompile>
    <ClCompile Include="source\HarvestSites.cpp">
      <Filter>Source Files</Filter>
    </ClCompile>
    <ClCompile Include="source\HarvestVolumeFittingRegime.cpp">
      <Filter>Source Files</Filter>
    </ClCompile>
    <ClCompile Include="source\IntArray.cpp">
      <Filter>Source Files</Filter>
    </ClCompile>
    <ClCompile Include="source\ManagementArea.cpp">
      <Filter>Source Files</Filter>
    </ClCompile>
    <ClCompile Include="source\ManagementAreaIterator.cpp">
      <Filter>Source Files</Filter>
    </ClCompile>
    <ClCompile Include="source\ManagementAreas.cpp">
      <Filter>Source Files</Filter>
    </ClCompile>
    <ClCompile Include="source\MultiplePocketStandHarvester.cpp">
      <Filter>Source Files</Filter>
    </ClCompile>
    <ClCompile Include="source\OldestRank.cpp">
      <Filter>Source Files</Filter>
    </ClCompile>
    <ClCompile Include="source\OnePassStandBasedRegime.cpp">
      <Filter>Source Files</Filter>
    </ClCompile>
    <ClCompile Include="source\OnePassStandFillingRegime.cpp">
      <Filter>Source Files</Filter>
    </ClCompile>
    <ClCompile Include="source\OnePassStandSpreadingRegime.cpp">
      <Filter>Source Files</Filter>
    </ClCompile>
    <ClCompile Include="source\PeriodicStandFillingRegime.cpp">
      <Filter>Source Files</Filter>
    </ClCompile>
    <ClCompile Include="source\PeriodicTwoPassStandFillingRegime.cpp">
      <Filter>Source Files</Filter>
    </ClCompile>
    <ClCompile Include="source\POINT.CPP">
      <Filter>Source Files</Filter>
    </ClCompile>
    <ClCompile Include="source\RandomRank.cpp">
      <Filter>Source Files</Filter>
    </ClCompile>
    <ClCompile Include="source\RankbyStocking.cpp">
      <Filter>Source Files</Filter>
    </ClCompile>
    <ClCompile Include="source\RankbyVolume.cpp">
      <Filter>Source Files</Filter>
    </ClCompile>
    <ClCompile Include="source\RegulateDistributionRank.cpp">
      <Filter>Source Files</Filter>
    </ClCompile>
    <ClCompile Include="source\RelativeOldestRank.cpp">
      <Filter>Source Files</Filter>
    </ClCompile>
    <ClCompile Include="source\RepeatingTwoPassStandFillingRegime.cpp">
      <Filter>Source Files</Filter>
    </ClCompile>
    <ClCompile Include="source\SiteHarvester.cpp">
      <Filter>Source Files</Filter>
    </ClCompile>
    <ClCompile Include="source\SiteRemovalMask.cpp">
      <Filter>Source Files</Filter>
    </ClCompile>
    <ClCompile Include="source\Stand.cpp">
      <Filter>Source Files</Filter>
    </ClCompile>
    <ClCompile Include="source\StandHarvester.cpp">
      <Filter>Source Files</Filter>
    </ClCompile>
    <ClCompile Include="source\StandIterator.cpp">
      <Filter>Source Files</Filter>
    </ClCompile>
    <ClCompile Include="source\StandRankingAlgorithm.cpp">
      <Filter>Source Files</Filter>
    </ClCompile>
    <ClCompile Include="source\Stands.cpp">
      <Filter>Source Files</Filter>
    </ClCompile>
    <ClCompile Include="source\StockingCuttingRegime.cpp">
      <Filter>Source Files</Filter>
    </ClCompile>
    <ClCompile Include="source\TwoPassStandBasedRegime.cpp">
      <Filter>Source Files</Filter>
    </ClCompile>
    <ClCompile Include="source\TwoPassStandFillingRegime.cpp">
      <Filter>Source Files</Filter>
    </ClCompile>
    <ClCompile Include="source\TwoPassStandSpreadingRegime.cpp">
      <Filter>Source Files</Filter>
    </ClCompile>
    <ClCompile Include="source\UnboundedPocketStandHarvester.cpp">
      <Filter>Source Files</Filter>
    </ClCompile>
  </ItemGroup>
  <ItemGroup>
    <ClInclude Include="source\BoundedPocketStandHarvester.h">
      <Filter>Header Files</Filter>
    </ClInclude>
    <ClInclude Include="source\CohortRemovalMask.h">
      <Filter>Header Files</Filter>
    </ClInclude>
    <ClInclude Include="source\EconomicImportanceRank.h">
      <Filter>Header Files</Filter>
    </ClInclude>
    <ClInclude Include="source\FillingStandHarvester.h">
      <Filter>Header Files</Filter>
    </ClInclude>
    <ClInclude Include="source\GroupSelectionRegime.h">
      <Filter>Header Files</Filter>
    </ClInclude>
    <ClInclude Include="source\GroupSelectionRegime70.h">
      <Filter>Header Files</Filter>
    </ClInclude>
    <ClInclude Include="source\HarvestPath.h">
      <Filter>Header Files</Filter>
    </ClInclude>
    <ClInclude Include="source\HarvestPathIterator.h">
      <Filter>Header Files</Filter>
    </ClInclude>
    <ClInclude Include="source\HarvestRegime.h">
      <Filter>Header Files</Filter>
    </ClInclude>
    <ClInclude Include="source\HarvestReport.h">
      <Filter>Header Files</Filter>
    </ClInclude>
    <ClInclude Include="source\HarvestVolumeFittingRegime.h">
      <Filter>Header Files</Filter>
    </ClInclude>
    <ClInclude Include="source\ManagementAreaIterator.h">
      <Filter>Header Files</Filter>
    </ClInclude>
    <ClInclude Include="source\MultiplePocketStandHarvester.h">
      <Filter>Header Files</Filter>
    </ClInclude>
    <ClInclude Include="source\OldestRank.h">
      <Filter>Header Files</Filter>
    </ClInclude>
    <ClInclude Include="source\OnePassStandBasedRegime.h">
      <Filter>Header Files</Filter>
    </ClInclude>
    <ClInclude Include="source\OnePassStandFillingRegime.h">
      <Filter>Header Files</Filter>
    </ClInclude>
    <ClInclude Include="source\OnePassStandSpreadingRegime.h">
      <Filter>Header Files</Filter>
    </ClInclude>
    <ClInclude Include="source\PeriodicStandFillingRegime.h">
      <Filter>Header Files</Filter>
    </ClInclude>
    <ClInclude Include="source\PeriodicTwoPassStandFillingRegime.h">
      <Filter>Header Files</Filter>
    </ClInclude>
    <ClInclude Include="source\RandomRank.h">
      <Filter>Header Files</Filter>
    </ClInclude>
    <ClInclude Include="source\RankbyVolume.h">
      <Filter>Header Files</Filter>
    </ClInclude>
    <ClInclude Include="source\RegulateDistributionRank.h">
      <Filter>Header Files</Filter>
    </ClInclude>
    <ClInclude Include="source\RelativeOldestRank.h">
      <Filter>Header Files</Filter>
    </ClInclude>
    <ClInclude Include="source\RepeatingTwoPassStandFillingRegime.h">
      <Filter>Header Files</Filter>
    </ClInclude>
    <ClInclude Include="source\SiteHarvester.h">
      <Filter>Header Files</Filter>
    </ClInclude>
    <ClInclude Include="source\SiteRemovalMask.h">
      <Filter>Header Files</Filter>
    </ClInclude>
    <ClInclude Include="source\StandHarvester.h">
      <Filter>Header Files</Filter>
    </ClInclude>
    <ClInclude Include="source\StandIterator.h">
      <Filter>Header Files</Filter>
    </ClInclude>
    <ClInclude Include="source\StandRankingAlgorithm.h">
      <Filter>Header Files</Filter>
    </ClInclude>
    <ClInclude Include="source\StockingCuttingRegime.h">
      <Filter>Header Files</Filter>
    </ClInclude>
    <ClInclude Include="source\TwoPassStandBasedRegime.h">
      <Filter>Header Files</Filter>
    </ClInclude>
    <ClInclude Include="source\TwoPassStandFillingRegime.h">
      <Filter>Header Files</Filter>
    </ClInclude>
    <ClInclude Include="source\TwoPassStandSpreadingRegime.h">
      <Filter>Header Files</Filter>
    </ClInclude>
    <ClInclude Include="source\UnboundedPocketStandHarvester.h">
      <Filter>Header Files</Filter>
    </ClInclude>
  </ItemGroup>
</Project>