<?xml version="1.0" encoding="utf-8"?>
<Project ToolsVersion="4.0" xmlns="http://schemas.microsoft.com/developer/msbuild/2003">
  <ItemGroup>
    <Filter Include="Source Files">
      <UniqueIdentifier>{6560f6ca-7ade-4f65-a408-08b21e1dc786}</UniqueIdentifier>
      <Extensions>cpp;c;cxx;rc;def;r;odl;idl;hpj;bat</Extensions>
    </Filter>
    <Filter Include="Header Files">
      <UniqueIdentifier>{1e35556d-70b2-49e0-90d8-06a43558a626}</UniqueIdentifier>
      <Extensions>h;hpp;hxx;hm;inl</Extensions>
    </Filter>
    <Filter Include="Resource Files">
      <UniqueIdentifier>{98cb9824-9b2f-40c2-8684-0660a1557c04}</UniqueIdentifier>
      <Extensions>ico;cur;bmp;dlg;rc2;rct;bin;rgs;gif;jpg;jpeg;jpe</Extensions>
    </Filter>
  </ItemGroup>
  <ItemGroup>
    <ClCompile Include="source\CohortRemovalMask.cpp">
      <Filter>Source Files</Filter>
    </ClCompile>
    <ClCompile Include="source\FuelGlobalFuncs.cpp">
      <Filter>Source Files</Filter>
    </ClCompile>
    <ClCompile Include="source\FuelManage.cpp">
      <Filter>Source Files</Filter>
    </ClCompile>
    <ClCompile Include="source\FuelManEvent.cpp">
      <Filter>Source Files</Filter>
    </ClCompile>
    <ClCompile Include="source\FuelRule.cpp">
      <Filter>Source Files</Filter>
    </ClCompile>
    <ClCompile Include="source\FuelSites.cpp">
      <Filter>Source Files</Filter>
    </ClCompile>
    <ClCompile Include="source\FuelStand.cpp">
      <Filter>Source Files</Filter>
    </ClCompile>
    <ClCompile Include="source\FuelStands.cpp">
      <Filter>Source Files</Filter>
    </ClCompile>
    <ClCompile Include="source\FuelTrack.cpp">
      <Filter>Source Files</Filter>
    </ClCompile>
    <ClCompile Include="source\FuelTreatmentRank.cpp">
      <Filter>Source Files</Filter>
    </ClCompile>
    <ClCompile Include="source\HarvestReport.cpp">
      <Filter>Source Files</Filter>
    </ClCompile>
    <ClCompile Include="source\IntArray.cpp">
      <Filter>Source Files</Filter>
    </ClCompile>
    <ClCompile Include="source\ManagementArea.cpp">
      <Filter>Source Files</Filter>
    </ClCompile>
    <ClCompile Include="source\ManagementAreaIterator.cpp">
      <Filter>Source Files</Filter>
    </ClCompile>
    <ClCompile Include="source\ManagementAreas.cpp">
      <Filter>Source Files</Filter>
    </ClCompile>
    <ClCompile Include="source\POINT.CPP">
      <Filter>Source Files</Filter>
    </ClCompile>
    <ClCompile Include="source\Reclass4.cpp">
      <Filter>Source Files</Filter>
    </ClCompile>
    <ClCompile Include="source\SiteHarvester.cpp">
      <Filter>Source Files</Filter>
    </ClCompile>
    <ClCompile Include="source\SiteRemovalMask.cpp">
      <Filter>Source Files</Filter>
    </ClCompile>
    <ClCompile Include="source\StandIterator.cpp">
      <Filter>Source Files</Filter>
    </ClCompile>
  </ItemGroup>
  <ItemGroup>
    <ClInclude Include="source\CohortRemovalMask.h">
      <Filter>Header Files</Filter>
    </ClInclude>
    <ClInclude Include="source\FuelDefines.h">
      <Filter>Header Files</Filter>
    </ClInclude>
    <ClInclude Include="..\public\FuelGlobalFuncs.h">
      <Filter>Header Files</Filter>
    </ClInclude>
    <ClInclude Include="source\FuelGlobalVariables.h">
      <Filter>Header Files</Filter>
    </ClInclude>
    <ClInclude Include="source\FuelManage.h">
      <Filter>Header Files</Filter>
    </ClInclude>
    <ClInclude Include="source\FuelManEvent.h">
      <Filter>Header Files</Filter>
    </ClInclude>
    <ClInclude Include="source\FuelRule.h">
      <Filter>Header Files</Filter>
    </ClInclude>
    <ClInclude Include="source\FuelSites.h">
      <Filter>Header Files</Filter>
    </ClInclude>
    <ClInclude Include="source\FuelStand.h">
      <Filter>Header Files</Filter>
    </ClInclude>
    <ClInclude Include="source\FuelStands.h">
      <Filter>Header Files</Filter>
    </ClInclude>
    <ClInclude Include="source\FuelTrack.h">
      <Filter>Header Files</Filter>
    </ClInclude>
    <ClInclude Include="source\FuelTreatmentRank.h">
      <Filter>Header Files</Filter>
    </ClInclude>
    <ClInclude Include="source\HarvestReport.h">
      <Filter>Header Files</Filter>
    </ClInclude>
    <ClInclude Include="source\ManagementAreaIterator.h">
      <Filter>Header Files</Filter>
    </ClInclude>
    <ClInclude Include="source\Reclass4.h">
      <Filter>Header Files</Filter>
    </ClInclude>
    <ClInclude Include="source\SiteHarvester.h">
      <Filter>Header Files</Filter>
    </ClInclude>
    <ClInclude Include="source\SiteRemovalMask.h">
      <Filter>Header Files</Filter>
    </ClInclude>
    <ClInclude Include="source\StandIterator.h">
      <Filter>Header Files</Filter>
    </ClInclude>
  </ItemGroup>
  <ItemGroup>
    <CustomBuild Include="source\Fuel.def">
      <Filter>Source Files</Filter>
    </CustomBuild>
  </ItemGroup>
</Project>