<?xml version="1.0" encoding="utf-8"?>
<Project ToolsVersion="4.0" xmlns="http://schemas.microsoft.com/developer/msbuild/2003">
  <ItemGroup>
    <Filter Include="Source Files">
      <UniqueIdentifier>{63560964-9454-4c45-a0ce-3761ec0483a0}</UniqueIdentifier>
      <Extensions>cpp;c;cxx;rc;def;r;odl;idl;hpj;bat</Extensions>
    </Filter>
    <Filter Include="Header Files">
      <UniqueIdentifier>{d2e31595-572f-46f6-95e7-99e32a11e7c8}</UniqueIdentifier>
      <Extensions>h;hpp;hxx;hm;inl</Extensions>
    </Filter>
    <Filter Include="Resource Files">
      <UniqueIdentifier>{45d53123-0c0c-429f-90a3-515f1346a147}</UniqueIdentifier>
      <Extensions>ico;cur;bmp;dlg;rc2;rct;bin;rgs;gif;jpg;jpeg;jpe</Extensions>
    </Filter>
  </ItemGroup>
  <ItemGroup>
    <ClCompile Include="source\OPTIM.CPP">
      <Filter>Source Files</Filter>
    </ClCompile>
    <ClCompile Include="source\Succession.cpp">
      <Filter>Source Files</Filter>
    </ClCompile>
  </ItemGroup>
  <ItemGroup>
    <ClInclude Include="..\public\OPTIM.H">
      <Filter>Header Files</Filter>
    </ClInclude>
    <ClInclude Include="..\public\Succession.h">
      <Filter>Header Files</Filter>
    </ClInclude>
  </ItemGroup>
</Project>