<?xml version="1.0" encoding="utf-8"?>
<Project ToolsVersion="4.0" xmlns="http://schemas.microsoft.com/developer/msbuild/2003">
  <ItemGroup>
    <Filter Include="Source Files">
      <UniqueIdentifier>{02c7a10c-c9fb-4c92-a9e5-f8fda58bb723}</UniqueIdentifier>
      <Extensions>cpp;c;cxx;rc;def;r;odl;idl;hpj;bat</Extensions>
    </Filter>
    <Filter Include="Header Files">
      <UniqueIdentifier>{0d7794a2-677d-465e-bd45-c6f996113c37}</UniqueIdentifier>
      <Extensions>h;hpp;hxx;hm;inl</Extensions>
    </Filter>
    <Filter Include="Resource Files">
      <UniqueIdentifier>{9931a8da-31b8-420e-b518-0167da17ab00}</UniqueIdentifier>
      <Extensions>ico;cur;bmp;dlg;rc2;rct;bin;rgs;gif;jpg;jpeg;jpe</Extensions>
    </Filter>
  </ItemGroup>
  <ItemGroup>
    <None Include="..\Landis40Core\baddll.def">
      <Filter>Source Files</Filter>
    </None>
  </ItemGroup>
  <ItemGroup>
    <ClCompile Include="source\BDA.CPP">
      <Filter>Source Files</Filter>
    </ClCompile>
    <ClCompile Include="source\BDAS.cpp">
      <Filter>Source Files</Filter>
    </ClCompile>
    <ClCompile Include="source\BDASExport.cpp">
      <Filter>Source Files</Filter>
    </ClCompile>
    <ClCompile Include="source\BDASites.cpp">
      <Filter>Source Files</Filter>
    </ClCompile>
    <ClCompile Include="source\MERSENNE.CPP">
      <Filter>Source Files</Filter>
    </ClCompile>
    <ClCompile Include="source\PosList.cpp">
      <Filter>Source Files</Filter>
    </ClCompile>
    <ClCompile Include="source\STOC1.CPP">
      <Filter>Source Files</Filter>
    </ClCompile>
  </ItemGroup>
  <ItemGroup>
    <ClInclude Include="source\RANDOMC.H">
      <Filter>Header Files</Filter>
    </ClInclude>
    <ClInclude Include="source\STOCC.H">
      <Filter>Header Files</Filter>
    </ClInclude>
  </ItemGroup>
</Project>