<?xml version="1.0" encoding="utf-8"?>
<Project ToolsVersion="4.0" xmlns="http://schemas.microsoft.com/developer/msbuild/2003">
  <ItemGroup>
    <Filter Include="Source Files">
      <UniqueIdentifier>{c65bc69f-c249-4fb3-b5ab-8f27b210b2e2}</UniqueIdentifier>
      <Extensions>cpp;c;cxx;rc;def;r;odl;idl;hpj;bat</Extensions>
    </Filter>
    <Filter Include="Header Files">
      <UniqueIdentifier>{33f5183e-63e0-4154-9c51-18f7805d369b}</UniqueIdentifier>
      <Extensions>h;hpp;hxx;hm;inl</Extensions>
    </Filter>
    <Filter Include="Resource Files">
      <UniqueIdentifier>{7154088d-ef57-4dfb-ae4c-fd9ba78db6fb}</UniqueIdentifier>
      <Extensions>ico;cur;bmp;dlg;rc2;rct;bin;rgs;gif;jpg;jpeg;jpe</Extensions>
    </Filter>
  </ItemGroup>
  <ItemGroup>
    <ClCompile Include="source\PILE.CPP">
      <Filter>Source Files</Filter>
    </ClCompile>
    <ClCompile Include="source\POINT.CPP">
      <Filter>Source Files</Filter>
    </ClCompile>
    <ClCompile Include="source\WIND.CPP">
      <Filter>Source Files</Filter>
    </ClCompile>
    <ClCompile Include="source\WindExport.cpp">
      <Filter>Source Files</Filter>
    </ClCompile>
  </ItemGroup>
  <ItemGroup>
    <ClInclude Include="..\public\WindExport.h">
      <Filter>Header Files</Filter>
    </ClInclude>
  </ItemGroup>
  <ItemGroup>
    <CustomBuild Include="source\Wind.def">
      <Filter>Source Files</Filter>
    </CustomBuild>
  </ItemGroup>
</Project>