<?xml version="1.0" encoding="utf-8"?>
<Project ToolsVersion="4.0" xmlns="http://schemas.microsoft.com/developer/msbuild/2003">
  <ItemGroup>
    <Filter Include="Source Files">
      <UniqueIdentifier>{b4849fde-0974-4376-98d0-45d1d75c1ab9}</UniqueIdentifier>
      <Extensions>cpp;c;cxx;rc;def;r;odl;idl;hpj;bat</Extensions>
    </Filter>
    <Filter Include="Header Files">
      <UniqueIdentifier>{0a230160-bc18-4007-beea-9d67725b62d2}</UniqueIdentifier>
      <Extensions>h;hpp;hxx;hm;inl</Extensions>
    </Filter>
    <Filter Include="Resource Files">
      <UniqueIdentifier>{50dd17bf-3390-4123-a69d-eea14e3d6762}</UniqueIdentifier>
      <Extensions>ico;cur;bmp;dlg;rc2;rct;bin;rgs;gif;jpg;jpeg;jpe</Extensions>
    </Filter>
  </ItemGroup>
  <ItemGroup>
    <ClCompile Include="source\FinneyCell.cpp">
      <Filter>Source Files</Filter>
    </ClCompile>
    <ClCompile Include="source\FIRE.CPP">
      <Filter>Source Files</Filter>
    </ClCompile>
    <ClCompile Include="source\FireExport.cpp">
      <Filter>Source Files</Filter>
    </ClCompile>
    <ClCompile Include="source\FireRegimeUnit.cpp">
      <Filter>Source Files</Filter>
    </ClCompile>
    <ClCompile Include="source\FireRegimeUnits.cpp">
      <Filter>Source Files</Filter>
    </ClCompile>
    <ClCompile Include="source\FireSites.cpp">
      <Filter>Source Files</Filter>
    </ClCompile>
    <ClCompile Include="source\MERSENNE.CPP">
      <Filter>Source Files</Filter>
    </ClCompile>
    <ClCompile Include="source\PILE.CPP">
      <Filter>Source Files</Filter>
    </ClCompile>
    <ClCompile Include="source\POINT.CPP">
      <Filter>Source Files</Filter>
    </ClCompile>
    <ClCompile Include="source\STOC1.CPP">
      <Filter>Source Files</Filter>
    </ClCompile>
    <ClCompile Include="source\STOC2.CPP">
      <Filter>Source Files</Filter>
    </ClCompile>
  </ItemGroup>
  <ItemGroup>
    <ClInclude Include="source\FinneyCell.h">
      <Filter>Source Files</Filter>
    </ClInclude>
    <ClInclude Include="..\public\FIRE.H">
      <Filter>Header Files</Filter>
    </ClInclude>
    <ClInclude Include="..\public\FireRegimeUnit.h">
      <Filter>Header Files</Filter>
    </ClInclude>
    <ClInclude Include="..\public\FireRegimeUnits.h">
      <Filter>Header Files</Filter>
    </ClInclude>
    <ClInclude Include="..\public\FireSites.h">
      <Filter>Header Files</Filter>
    </ClInclude>
    <ClInclude Include="source\RANDOMC.H">
      <Filter>Header Files</Filter>
    </ClInclude>
    <ClInclude Include="..\public\STOCC.H">
      <Filter>Header Files</Filter>
    </ClInclude>
  </ItemGroup>
  <ItemGroup>
    <CustomBuild Include="source\Fire.def">
      <Filter>Source Files</Filter>
    </CustomBuild>
  </ItemGroup>
</Project>